
Microsoft Visual Studio Solution File, Format Version 12.00
# Visual Studio Version 17
VisualStudioVersion = 17.14.36203.30
MinimumVisualStudioVersion = 10.0.40219.1
Project("{FAE04EC0-301F-11D3-BF4B-00C04F79EFBC}") = "PDFGenerator", "ConsoleApp1\PDFGenerator.csproj", "{CF5CDFF4-52CB-4A6F-9103-849275A9E8E8}"
EndProject
Global
	GlobalSection(SolutionConfigurationPlatforms) = preSolution
		Debug|Any CPU = Debug|Any CPU
		Release|Any CPU = Release|Any CPU
	EndGlobalSection
	GlobalSection(ProjectConfigurationPlatforms) = postSolution
		{CF5CDFF4-52CB-4A6F-9103-849275A9E8E8}.Debug|Any CPU.ActiveCfg = Debug|Any CPU
		{CF5CDFF4-52CB-4A6F-9103-849275A9E8E8}.Debug|Any CPU.Build.0 = Debug|Any CPU
		{CF5CDFF4-52CB-4A6F-9103-849275A9E8E8}.Release|Any CPU.ActiveCfg = Release|Any CPU
		{CF5CDFF4-52CB-4A6F-9103-849275A9E8E8}.Release|Any CPU.Build.0 = Release|Any CPU
	EndGlobalSection
	GlobalSection(SolutionProperties) = preSolution
		HideSolutionNode = FALSE
	EndGlobalSection
	GlobalSection(ExtensibilityGlobals) = postSolution
		SolutionGuid = {22B4227C-728E-4BCC-820F-DECFF548CBA8}
	EndGlobalSection
EndGlobal
